// !$*UTF8*$!
{
	archiveVersion = 1;
	classes = {
	};
	objectVersion = 46;
	objects = {

/* Begin PBXBuildFile section */
		5DBFBB1119144B370063129C /* Main.storyboard in Resources */ = {isa = PBXBuildFile; fileRef = 5DBFBB1019144B370063129C /* Main.storyboard */; };
		7146571218EF6562003B541C /* Duval.JPG in Resources */ = {isa = PBXBuildFile; fileRef = 7146570818EF6562003B541C /* Duval.JPG */; };
		7146571318EF6562003B541C /* Dvorsky.JPG in Resources */ = {isa = PBXBuildFile; fileRef = 7146570918EF6562003B541C /* Dvorsky.JPG */; };
		7146571418EF6562003B541C /* Fowler.JPG in Resources */ = {isa = PBXBuildFile; fileRef = 7146570A18EF6562003B541C /* Fowler.JPG */; };
		7146571518EF6562003B541C /* Giles.JPG in Resources */ = {isa = PBXBuildFile; fileRef = 7146570B18EF6562003B541C /* Giles.JPG */; };
		7146571618EF6562003B541C /* Ostrander.JPG in Resources */ = {isa = PBXBuildFile; fileRef = 7146570C18EF6562003B541C /* Ostrander.JPG */; };
		7146571718EF6562003B541C /* Pham.JPG in Resources */ = {isa = PBXBuildFile; fileRef = 7146570D18EF6562003B541C /* Pham.JPG */; };
		7146571818EF6562003B541C /* Piper.JPG in Resources */ = {isa = PBXBuildFile; fileRef = 7146570E18EF6562003B541C /* Piper.JPG */; };
		7146571918EF6562003B541C /* Schafer.JPG in Resources */ = {isa = PBXBuildFile; fileRef = 7146570F18EF6562003B541C /* Schafer.JPG */; };
		7146571A18EF6562003B541C /* Stein.JPG in Resources */ = {isa = PBXBuildFile; fileRef = 7146571018EF6562003B541C /* Stein.JPG */; };
		7146571B18EF6562003B541C /* Street.JPG in Resources */ = {isa = PBXBuildFile; fileRef = 7146571118EF6562003B541C /* Street.JPG */; };
		7157A1DB191D851500FF2391 /* Rose.JPG in Resources */ = {isa = PBXBuildFile; fileRef = 7157A1DA191D851500FF2391 /* Rose.JPG */; };
		B164A302191D668300EC988F /* BSPCTableViewCell.m in Sources */ = {isa = PBXBuildFile; fileRef = B164A301191D668300EC988F /* BSPCTableViewCell.m */; };
		EC0B05B618EF56910019197A /* BSPCFace.m in Sources */ = {isa = PBXBuildFile; fileRef = EC0B05B518EF56910019197A /* BSPCFace.m */; };
		EC0B05B918EF5ABB0019197A /* BSPCFaceViewController.m in Sources */ = {isa = PBXBuildFile; fileRef = EC0B05B818EF5ABB0019197A /* BSPCFaceViewController.m */; };
		ECD5AA7E191D7EF600AE98AA /* Faces.plist in Resources */ = {isa = PBXBuildFile; fileRef = ECD5AA7D191D7EF600AE98AA /* Faces.plist */; };
		ECECC49C18EF4E230025DB21 /* Foundation.framework in Frameworks */ = {isa = PBXBuildFile; fileRef = ECECC49B18EF4E230025DB21 /* Foundation.framework */; };
		ECECC49E18EF4E230025DB21 /* CoreGraphics.framework in Frameworks */ = {isa = PBXBuildFile; fileRef = ECECC49D18EF4E230025DB21 /* CoreGraphics.framework */; };
		ECECC4A018EF4E230025DB21 /* UIKit.framework in Frameworks */ = {isa = PBXBuildFile; fileRef = ECECC49F18EF4E230025DB21 /* UIKit.framework */; };
		ECECC4A618EF4E230025DB21 /* InfoPlist.strings in Resources */ = {isa = PBXBuildFile; fileRef = ECECC4A418EF4E230025DB21 /* InfoPlist.strings */; };
		ECECC4A818EF4E230025DB21 /* main.m in Sources */ = {isa = PBXBuildFile; fileRef = ECECC4A718EF4E230025DB21 /* main.m */; };
		ECECC4AC18EF4E230025DB21 /* BSPCAppDelegate.m in Sources */ = {isa = PBXBuildFile; fileRef = ECECC4AB18EF4E230025DB21 /* BSPCAppDelegate.m */; };
		ECECC4B218EF4E240025DB21 /* BSPCViewController.m in Sources */ = {isa = PBXBuildFile; fileRef = ECECC4B118EF4E240025DB21 /* BSPCViewController.m */; };
		ECECC4B418EF4E240025DB21 /* Images.xcassets in Resources */ = {isa = PBXBuildFile; fileRef = ECECC4B318EF4E240025DB21 /* Images.xcassets */; };
		ECECC4BB18EF4E240025DB21 /* XCTest.framework in Frameworks */ = {isa = PBXBuildFile; fileRef = ECECC4BA18EF4E240025DB21 /* XCTest.framework */; };
		ECECC4BC18EF4E240025DB21 /* Foundation.framework in Frameworks */ = {isa = PBXBuildFile; fileRef = ECECC49B18EF4E230025DB21 /* Foundation.framework */; };
		ECECC4BD18EF4E240025DB21 /* UIKit.framework in Frameworks */ = {isa = PBXBuildFile; fileRef = ECECC49F18EF4E230025DB21 /* UIKit.framework */; };
		ECECC4C518EF4E240025DB21 /* InfoPlist.strings in Resources */ = {isa = PBXBuildFile; fileRef = ECECC4C318EF4E240025DB21 /* InfoPlist.strings */; };
		ECECC4C718EF4E240025DB21 /* PuppeteerTests.m in Sources */ = {isa = PBXBuildFile; fileRef = ECECC4C618EF4E240025DB21 /* PuppeteerTests.m */; };
		ECFED5A0191448DF00D6FF02 /* Duval.m4a in Resources */ = {isa = PBXBuildFile; fileRef = 7146571D18EF6B83003B541C /* Duval.m4a */; };
		ECFED5A1191448DF00D6FF02 /* Dvorsky.m4a in Resources */ = {isa = PBXBuildFile; fileRef = 7146571E18EF6B83003B541C /* Dvorsky.m4a */; };
		ECFED5A2191448DF00D6FF02 /* Fowler.m4a in Resources */ = {isa = PBXBuildFile; fileRef = 7146571F18EF6B83003B541C /* Fowler.m4a */; };
		ECFED5A3191448DF00D6FF02 /* Giles.m4a in Resources */ = {isa = PBXBuildFile; fileRef = 7146572018EF6B83003B541C /* Giles.m4a */; };
		ECFED5A4191448DF00D6FF02 /* Ostrander.m4a in Resources */ = {isa = PBXBuildFile; fileRef = 7146572118EF6B83003B541C /* Ostrander.m4a */; };
		ECFED5A5191448DF00D6FF02 /* Pham.m4a in Resources */ = {isa = PBXBuildFile; fileRef = 7146572318EF6B83003B541C /* Pham.m4a */; };
		ECFED5A6191448DF00D6FF02 /* Piper 2.m4a in Resources */ = {isa = PBXBuildFile; fileRef = 7146572418EF6B83003B541C /* Piper 2.m4a */; };
		ECFED5A7191448DF00D6FF02 /* Schafer.m4a in Resources */ = {isa = PBXBuildFile; fileRef = 7146572518EF6B84003B541C /* Schafer.m4a */; };
		ECFED5A8191448DF00D6FF02 /* Stein.m4a in Resources */ = {isa = PBXBuildFile; fileRef = 7146572618EF6B84003B541C /* Stein.m4a */; };
		ECFED5A9191448DF00D6FF02 /* Street.m4a in Resources */ = {isa = PBXBuildFile; fileRef = 7146572718EF6B84003B541C /* Street.m4a */; };
/* End PBXBuildFile section */

/* Begin PBXContainerItemProxy section */
		ECECC4BE18EF4E240025DB21 /* PBXContainerItemProxy */ = {
			isa = PBXContainerItemProxy;
			containerPortal = ECECC49018EF4E230025DB21 /* Project object */;
			proxyType = 1;
			remoteGlobalIDString = ECECC49718EF4E230025DB21;
			remoteInfo = Puppeteer;
		};
/* End PBXContainerItemProxy section */

/* Begin PBXFileReference section */
		5DBFBB1019144B370063129C /* Main.storyboard */ = {isa = PBXFileReference; fileEncoding = 4; lastKnownFileType = file.storyboard; path = Main.storyboard; sourceTree = "<group>"; };
		7146570818EF6562003B541C /* Duval.JPG */ = {isa = PBXFileReference; lastKnownFileType = image.jpeg; name = Duval.JPG; path = Puppeteer/Duval.JPG; sourceTree = "<group>"; };
		7146570918EF6562003B541C /* Dvorsky.JPG */ = {isa = PBXFileReference; lastKnownFileType = image.jpeg; name = Dvorsky.JPG; path = Puppeteer/Dvorsky.JPG; sourceTree = "<group>"; };
		7146570A18EF6562003B541C /* Fowler.JPG */ = {isa = PBXFileReference; lastKnownFileType = image.jpeg; name = Fowler.JPG; path = Puppeteer/Fowler.JPG; sourceTree = "<group>"; };
		7146570B18EF6562003B541C /* Giles.JPG */ = {isa = PBXFileReference; lastKnownFileType = image.jpeg; name = Giles.JPG; path = Puppeteer/Giles.JPG; sourceTree = "<group>"; };
		7146570C18EF6562003B541C /* Ostrander.JPG */ = {isa = PBXFileReference; lastKnownFileType = image.jpeg; name = Ostrander.JPG; path = Puppeteer/Ostrander.JPG; sourceTree = "<group>"; };
		7146570D18EF6562003B541C /* Pham.JPG */ = {isa = PBXFileReference; lastKnownFileType = image.jpeg; name = Pham.JPG; path = Puppeteer/Pham.JPG; sourceTree = "<group>"; };
		7146570E18EF6562003B541C /* Piper.JPG */ = {isa = PBXFileReference; lastKnownFileType = image.jpeg; name = Piper.JPG; path = Puppeteer/Piper.JPG; sourceTree = "<group>"; };
		7146570F18EF6562003B541C /* Schafer.JPG */ = {isa = PBXFileReference; lastKnownFileType = image.jpeg; name = Schafer.JPG; path = Puppeteer/Schafer.JPG; sourceTree = "<group>"; };
		7146571018EF6562003B541C /* Stein.JPG */ = {isa = PBXFileReference; lastKnownFileType = image.jpeg; name = Stein.JPG; path = Puppeteer/Stein.JPG; sourceTree = "<group>"; };
		7146571118EF6562003B541C /* Street.JPG */ = {isa = PBXFileReference; lastKnownFileType = image.jpeg; name = Street.JPG; path = Puppeteer/Street.JPG; sourceTree = "<group>"; };
		7146571D18EF6B83003B541C /* Duval.m4a */ = {isa = PBXFileReference; lastKnownFileType = file; path = Duval.m4a; sourceTree = "<group>"; };
		7146571E18EF6B83003B541C /* Dvorsky.m4a */ = {isa = PBXFileReference; lastKnownFileType = file; path = Dvorsky.m4a; sourceTree = "<group>"; };
		7146571F18EF6B83003B541C /* Fowler.m4a */ = {isa = PBXFileReference; lastKnownFileType = file; path = Fowler.m4a; sourceTree = "<group>"; };
		7146572018EF6B83003B541C /* Giles.m4a */ = {isa = PBXFileReference; lastKnownFileType = file; path = Giles.m4a; sourceTree = "<group>"; };
		7146572118EF6B83003B541C /* Ostrander.m4a */ = {isa = PBXFileReference; lastKnownFileType = file; path = Ostrander.m4a; sourceTree = "<group>"; };
		7146572318EF6B83003B541C /* Pham.m4a */ = {isa = PBXFileReference; lastKnownFileType = file; path = Pham.m4a; sourceTree = "<group>"; };
		7146572418EF6B83003B541C /* Piper 2.m4a */ = {isa = PBXFileReference; lastKnownFileType = file; path = "Piper 2.m4a"; sourceTree = "<group>"; };
		7146572518EF6B84003B541C /* Schafer.m4a */ = {isa = PBXFileReference; lastKnownFileType = file; path = Schafer.m4a; sourceTree = "<group>"; };
		7146572618EF6B84003B541C /* Stein.m4a */ = {isa = PBXFileReference; lastKnownFileType = file; path = Stein.m4a; sourceTree = "<group>"; };
		7146572718EF6B84003B541C /* Street.m4a */ = {isa = PBXFileReference; lastKnownFileType = file; path = Street.m4a; sourceTree = "<group>"; };
		7157A1D8191D84FA00FF2391 /* Rose1.m4a */ = {isa = PBXFileReference; lastKnownFileType = file; path = Rose1.m4a; sourceTree = "<group>"; };
		7157A1D9191D850600FF2391 /* Rose2.m4a */ = {isa = PBXFileReference; lastKnownFileType = file; path = Rose2.m4a; sourceTree = "<group>"; };
		7157A1DA191D851500FF2391 /* Rose.JPG */ = {isa = PBXFileReference; lastKnownFileType = image.jpeg; path = Rose.JPG; sourceTree = "<group>"; };
		B164A300191D668300EC988F /* BSPCTableViewCell.h */ = {isa = PBXFileReference; fileEncoding = 4; lastKnownFileType = sourcecode.c.h; path = BSPCTableViewCell.h; sourceTree = "<group>"; };
		B164A301191D668300EC988F /* BSPCTableViewCell.m */ = {isa = PBXFileReference; fileEncoding = 4; lastKnownFileType = sourcecode.c.objc; path = BSPCTableViewCell.m; sourceTree = "<group>"; };
		EC0B05B418EF56910019197A /* BSPCFace.h */ = {isa = PBXFileReference; fileEncoding = 4; lastKnownFileType = sourcecode.c.h; path = BSPCFace.h; sourceTree = "<group>"; };
		EC0B05B518EF56910019197A /* BSPCFace.m */ = {isa = PBXFileReference; fileEncoding = 4; lastKnownFileType = sourcecode.c.objc; path = BSPCFace.m; sourceTree = "<group>"; };
		EC0B05B718EF5ABB0019197A /* BSPCFaceViewController.h */ = {isa = PBXFileReference; fileEncoding = 4; lastKnownFileType = sourcecode.c.h; path = BSPCFaceViewController.h; sourceTree = "<group>"; };
		EC0B05B818EF5ABB0019197A /* BSPCFaceViewController.m */ = {isa = PBXFileReference; fileEncoding = 4; lastKnownFileType = sourcecode.c.objc; path = BSPCFaceViewController.m; sourceTree = "<group>"; };
		EC0B05BA18EF608C0019197A /* FaceView.xib */ = {isa = PBXFileReference; fileEncoding = 4; lastKnownFileType = file.xib; path = FaceView.xib; sourceTree = "<group>"; };
		ECD5AA7D191D7EF600AE98AA /* Faces.plist */ = {isa = PBXFileReference; fileEncoding = 4; lastKnownFileType = text.plist.xml; path = Faces.plist; sourceTree = "<group>"; };
		ECECC49818EF4E230025DB21 /* Puppeteer.app */ = {isa = PBXFileReference; explicitFileType = wrapper.application; includeInIndex = 0; path = Puppeteer.app; sourceTree = BUILT_PRODUCTS_DIR; };
		ECECC49B18EF4E230025DB21 /* Foundation.framework */ = {isa = PBXFileReference; lastKnownFileType = wrapper.framework; name = Foundation.framework; path = System/Library/Frameworks/Foundation.framework; sourceTree = SDKROOT; };
		ECECC49D18EF4E230025DB21 /* CoreGraphics.framework */ = {isa = PBXFileReference; lastKnownFileType = wrapper.framework; name = CoreGraphics.framework; path = System/Library/Frameworks/CoreGraphics.framework; sourceTree = SDKROOT; };
		ECECC49F18EF4E230025DB21 /* UIKit.framework */ = {isa = PBXFileReference; lastKnownFileType = wrapper.framework; name = UIKit.framework; path = System/Library/Frameworks/UIKit.framework; sourceTree = SDKROOT; };
		ECECC4A318EF4E230025DB21 /* Puppeteer-Info.plist */ = {isa = PBXFileReference; lastKnownFileType = text.plist.xml; path = "Puppeteer-Info.plist"; sourceTree = "<group>"; };
		ECECC4A518EF4E230025DB21 /* en */ = {isa = PBXFileReference; lastKnownFileType = text.plist.strings; name = en; path = en.lproj/InfoPlist.strings; sourceTree = "<group>"; };
		ECECC4A718EF4E230025DB21 /* main.m */ = {isa = PBXFileReference; lastKnownFileType = sourcecode.c.objc; path = main.m; sourceTree = "<group>"; };
		ECECC4A918EF4E230025DB21 /* Puppeteer-Prefix.pch */ = {isa = PBXFileReference; lastKnownFileType = sourcecode.c.h; path = "Puppeteer-Prefix.pch"; sourceTree = "<group>"; };
		ECECC4AA18EF4E230025DB21 /* BSPCAppDelegate.h */ = {isa = PBXFileReference; lastKnownFileType = sourcecode.c.h; path = BSPCAppDelegate.h; sourceTree = "<group>"; };
		ECECC4AB18EF4E230025DB21 /* BSPCAppDelegate.m */ = {isa = PBXFileReference; lastKnownFileType = sourcecode.c.objc; path = BSPCAppDelegate.m; sourceTree = "<group>"; };
		ECECC4B018EF4E240025DB21 /* BSPCViewController.h */ = {isa = PBXFileReference; lastKnownFileType = sourcecode.c.h; path = BSPCViewController.h; sourceTree = "<group>"; };
		ECECC4B118EF4E240025DB21 /* BSPCViewController.m */ = {isa = PBXFileReference; lastKnownFileType = sourcecode.c.objc; path = BSPCViewController.m; sourceTree = "<group>"; };
		ECECC4B318EF4E240025DB21 /* Images.xcassets */ = {isa = PBXFileReference; lastKnownFileType = folder.assetcatalog; path = Images.xcassets; sourceTree = "<group>"; };
		ECECC4B918EF4E240025DB21 /* PuppeteerTests.xctest */ = {isa = PBXFileReference; explicitFileType = wrapper.cfbundle; includeInIndex = 0; path = PuppeteerTests.xctest; sourceTree = BUILT_PRODUCTS_DIR; };
		ECECC4BA18EF4E240025DB21 /* XCTest.framework */ = {isa = PBXFileReference; lastKnownFileType = wrapper.framework; name = XCTest.framework; path = Library/Frameworks/XCTest.framework; sourceTree = DEVELOPER_DIR; };
		ECECC4C218EF4E240025DB21 /* PuppeteerTests-Info.plist */ = {isa = PBXFileReference; lastKnownFileType = text.plist.xml; path = "PuppeteerTests-Info.plist"; sourceTree = "<group>"; };
		ECECC4C418EF4E240025DB21 /* en */ = {isa = PBXFileReference; lastKnownFileType = text.plist.strings; name = en; path = en.lproj/InfoPlist.strings; sourceTree = "<group>"; };
		ECECC4C618EF4E240025DB21 /* PuppeteerTests.m */ = {isa = PBXFileReference; lastKnownFileType = sourcecode.c.objc; path = PuppeteerTests.m; sourceTree = "<group>"; };
/* End PBXFileReference section */

/* Begin PBXFrameworksBuildPhase section */
		ECECC49518EF4E230025DB21 /* Frameworks */ = {
			isa = PBXFrameworksBuildPhase;
			buildActionMask = 2147483647;
			files = (
				ECECC49E18EF4E230025DB21 /* CoreGraphics.framework in Frameworks */,
				ECECC4A018EF4E230025DB21 /* UIKit.framework in Frameworks */,
				ECECC49C18EF4E230025DB21 /* Foundation.framework in Frameworks */,
			);
			runOnlyForDeploymentPostprocessing = 0;
		};
		ECECC4B618EF4E240025DB21 /* Frameworks */ = {
			isa = PBXFrameworksBuildPhase;
			buildActionMask = 2147483647;
			files = (
				ECECC4BB18EF4E240025DB21 /* XCTest.framework in Frameworks */,
				ECECC4BD18EF4E240025DB21 /* UIKit.framework in Frameworks */,
				ECECC4BC18EF4E240025DB21 /* Foundation.framework in Frameworks */,
			);
			runOnlyForDeploymentPostprocessing = 0;
		};
/* End PBXFrameworksBuildPhase section */

/* Begin PBXGroup section */
		7146571C18EF6579003B541C /* Images */ = {
			isa = PBXGroup;
			children = (
				7157A1DA191D851500FF2391 /* Rose.JPG */,
				7146570818EF6562003B541C /* Duval.JPG */,
				7146570918EF6562003B541C /* Dvorsky.JPG */,
				7146570A18EF6562003B541C /* Fowler.JPG */,
				7146570B18EF6562003B541C /* Giles.JPG */,
				7146570C18EF6562003B541C /* Ostrander.JPG */,
				7146570D18EF6562003B541C /* Pham.JPG */,
				7146570E18EF6562003B541C /* Piper.JPG */,
				7146570F18EF6562003B541C /* Schafer.JPG */,
				7146571018EF6562003B541C /* Stein.JPG */,
				7146571118EF6562003B541C /* Street.JPG */,
			);
			name = Images;
			sourceTree = "<group>";
		};
		7146572818EF6BDC003B541C /* Sounds */ = {
			isa = PBXGroup;
			children = (
				7157A1D9191D850600FF2391 /* Rose2.m4a */,
				7157A1D8191D84FA00FF2391 /* Rose1.m4a */,
				7146571D18EF6B83003B541C /* Duval.m4a */,
				7146571E18EF6B83003B541C /* Dvorsky.m4a */,
				7146571F18EF6B83003B541C /* Fowler.m4a */,
				7146572018EF6B83003B541C /* Giles.m4a */,
				7146572118EF6B83003B541C /* Ostrander.m4a */,
				7146572318EF6B83003B541C /* Pham.m4a */,
				7146572418EF6B83003B541C /* Piper 2.m4a */,
				7146572518EF6B84003B541C /* Schafer.m4a */,
				7146572618EF6B84003B541C /* Stein.m4a */,
				7146572718EF6B84003B541C /* Street.m4a */,
			);
			name = Sounds;
			path = Puppeteer;
			sourceTree = "<group>";
		};
		ECECC48F18EF4E230025DB21 = {
			isa = PBXGroup;
			children = (
				7146571C18EF6579003B541C /* Images */,
				7146572818EF6BDC003B541C /* Sounds */,
				ECECC4A118EF4E230025DB21 /* Puppeteer */,
				ECECC4C018EF4E240025DB21 /* PuppeteerTests */,
				ECECC49A18EF4E230025DB21 /* Frameworks */,
				ECECC49918EF4E230025DB21 /* Products */,
			);
			sourceTree = "<group>";
		};
		ECECC49918EF4E230025DB21 /* Products */ = {
			isa = PBXGroup;
			children = (
				ECECC49818EF4E230025DB21 /* Puppeteer.app */,
				ECECC4B918EF4E240025DB21 /* PuppeteerTests.xctest */,
			);
			name = Products;
			sourceTree = "<group>";
		};
		ECECC49A18EF4E230025DB21 /* Frameworks */ = {
			isa = PBXGroup;
			children = (
				ECECC49B18EF4E230025DB21 /* Foundation.framework */,
				ECECC49D18EF4E230025DB21 /* CoreGraphics.framework */,
				ECECC49F18EF4E230025DB21 /* UIKit.framework */,
				ECECC4BA18EF4E240025DB21 /* XCTest.framework */,
			);
			name = Frameworks;
			sourceTree = "<group>";
		};
		ECECC4A118EF4E230025DB21 /* Puppeteer */ = {
			isa = PBXGroup;
			children = (
				5DBFBB1019144B370063129C /* Main.storyboard */,
				ECECC4AA18EF4E230025DB21 /* BSPCAppDelegate.h */,
				ECECC4AB18EF4E230025DB21 /* BSPCAppDelegate.m */,
				ECECC4B018EF4E240025DB21 /* BSPCViewController.h */,
				ECECC4B118EF4E240025DB21 /* BSPCViewController.m */,
				EC0B05BA18EF608C0019197A /* FaceView.xib */,
				ECD5AA7D191D7EF600AE98AA /* Faces.plist */,
				EC0B05B718EF5ABB0019197A /* BSPCFaceViewController.h */,
				EC0B05B818EF5ABB0019197A /* BSPCFaceViewController.m */,
				EC0B05B418EF56910019197A /* BSPCFace.h */,
				EC0B05B518EF56910019197A /* BSPCFace.m */,
				ECECC4B318EF4E240025DB21 /* Images.xcassets */,
				ECECC4A218EF4E230025DB21 /* Supporting Files */,
				B164A300191D668300EC988F /* BSPCTableViewCell.h */,
				B164A301191D668300EC988F /* BSPCTableViewCell.m */,
			);
			path = Puppeteer;
			sourceTree = "<group>";
		};
		ECECC4A218EF4E230025DB21 /* Supporting Files */ = {
			isa = PBXGroup;
			children = (
				ECECC4A318EF4E230025DB21 /* Puppeteer-Info.plist */,
				ECECC4A418EF4E230025DB21 /* InfoPlist.strings */,
				ECECC4A718EF4E230025DB21 /* main.m */,
				ECECC4A918EF4E230025DB21 /* Puppeteer-Prefix.pch */,
			);
			name = "Supporting Files";
			sourceTree = "<group>";
		};
		ECECC4C018EF4E240025DB21 /* PuppeteerTests */ = {
			isa = PBXGroup;
			children = (
				ECECC4C618EF4E240025DB21 /* PuppeteerTests.m */,
				ECECC4C118EF4E240025DB21 /* Supporting Files */,
			);
			path = PuppeteerTests;
			sourceTree = "<group>";
		};
		ECECC4C118EF4E240025DB21 /* Supporting Files */ = {
			isa = PBXGroup;
			children = (
				ECECC4C218EF4E240025DB21 /* PuppeteerTests-Info.plist */,
				ECECC4C318EF4E240025DB21 /* InfoPlist.strings */,
			);
			name = "Supporting Files";
			sourceTree = "<group>";
		};
/* End PBXGroup section */

/* Begin PBXNativeTarget section */
		ECECC49718EF4E230025DB21 /* Puppeteer */ = {
			isa = PBXNativeTarget;
			buildConfigurationList = ECECC4CA18EF4E240025DB21 /* Build configuration list for PBXNativeTarget "Puppeteer" */;
			buildPhases = (
				ECECC49418EF4E230025DB21 /* Sources */,
				ECECC49518EF4E230025DB21 /* Frameworks */,
				ECECC49618EF4E230025DB21 /* Resources */,
			);
			buildRules = (
			);
			dependencies = (
			);
			name = Puppeteer;
			productName = Puppeteer;
			productReference = ECECC49818EF4E230025DB21 /* Puppeteer.app */;
			productType = "com.apple.product-type.application";
		};
		ECECC4B818EF4E240025DB21 /* PuppeteerTests */ = {
			isa = PBXNativeTarget;
			buildConfigurationList = ECECC4CD18EF4E240025DB21 /* Build configuration list for PBXNativeTarget "PuppeteerTests" */;
			buildPhases = (
				ECECC4B518EF4E240025DB21 /* Sources */,
				ECECC4B618EF4E240025DB21 /* Frameworks */,
				ECECC4B718EF4E240025DB21 /* Resources */,
			);
			buildRules = (
			);
			dependencies = (
				ECECC4BF18EF4E240025DB21 /* PBXTargetDependency */,
			);
			name = PuppeteerTests;
			productName = PuppeteerTests;
			productReference = ECECC4B918EF4E240025DB21 /* PuppeteerTests.xctest */;
			productType = "com.apple.product-type.bundle.unit-test";
		};
/* End PBXNativeTarget section */

/* Begin PBXProject section */
		ECECC49018EF4E230025DB21 /* Project object */ = {
			isa = PBXProject;
			attributes = {
				CLASSPREFIX = BSPC;
				LastUpgradeCheck = 0510;
				ORGANIZATIONNAME = BlairSmartphoneProgrammingClub;
				TargetAttributes = {
					ECECC4B818EF4E240025DB21 = {
						TestTargetID = ECECC49718EF4E230025DB21;
					};
				};
			};
			buildConfigurationList = ECECC49318EF4E230025DB21 /* Build configuration list for PBXProject "Puppeteer" */;
			compatibilityVersion = "Xcode 3.2";
			developmentRegion = English;
			hasScannedForEncodings = 0;
			knownRegions = (
				en,
				Base,
			);
			mainGroup = ECECC48F18EF4E230025DB21;
			productRefGroup = ECECC49918EF4E230025DB21 /* Products */;
			projectDirPath = "";
			projectRoot = "";
			targets = (
				ECECC49718EF4E230025DB21 /* Puppeteer */,
				ECECC4B818EF4E240025DB21 /* PuppeteerTests */,
			);
		};
/* End PBXProject section */

/* Begin PBXResourcesBuildPhase section */
		ECECC49618EF4E230025DB21 /* Resources */ = {
			isa = PBXResourcesBuildPhase;
			buildActionMask = 2147483647;
			files = (
				ECFED5A0191448DF00D6FF02 /* Duval.m4a in Resources */,
				ECFED5A1191448DF00D6FF02 /* Dvorsky.m4a in Resources */,
				7157A1DB191D851500FF2391 /* Rose.JPG in Resources */,
				ECFED5A2191448DF00D6FF02 /* Fowler.m4a in Resources */,
				ECFED5A3191448DF00D6FF02 /* Giles.m4a in Resources */,
				ECFED5A4191448DF00D6FF02 /* Ostrander.m4a in Resources */,
				ECFED5A5191448DF00D6FF02 /* Pham.m4a in Resources */,
				ECFED5A6191448DF00D6FF02 /* Piper 2.m4a in Resources */,
				ECFED5A7191448DF00D6FF02 /* Schafer.m4a in Resources */,
				ECFED5A8191448DF00D6FF02 /* Stein.m4a in Resources */,
				ECFED5A9191448DF00D6FF02 /* Street.m4a in Resources */,
				7146571518EF6562003B541C /* Giles.JPG in Resources */,
				7146571718EF6562003B541C /* Pham.JPG in Resources */,
				7146571418EF6562003B541C /* Fowler.JPG in Resources */,
				7146571218EF6562003B541C /* Duval.JPG in Resources */,
				ECECC4B418EF4E240025DB21 /* Images.xcassets in Resources */,
				ECD5AA7E191D7EF600AE98AA /* Faces.plist in Resources */,
				7146571318EF6562003B541C /* Dvorsky.JPG in Resources */,
				7146571818EF6562003B541C /* Piper.JPG in Resources */,
				5DBFBB1119144B370063129C /* Main.storyboard in Resources */,
				ECECC4A618EF4E230025DB21 /* InfoPlist.strings in Resources */,
				7146571B18EF6562003B541C /* Street.JPG in Resources */,
				7146571618EF6562003B541C /* Ostrander.JPG in Resources */,
				7146571918EF6562003B541C /* Schafer.JPG in Resources */,
				7146571A18EF6562003B541C /* Stein.JPG in Resources */,
			);
			runOnlyForDeploymentPostprocessing = 0;
		};
		ECECC4B718EF4E240025DB21 /* Resources */ = {
			isa = PBXResourcesBuildPhase;
			buildActionMask = 2147483647;
			files = (
				ECECC4C518EF4E240025DB21 /* InfoPlist.strings in Resources */,
			);
			runOnlyForDeploymentPostprocessing = 0;
		};
/* End PBXResourcesBuildPhase section */

/* Begin PBXSourcesBuildPhase section */
		ECECC49418EF4E230025DB21 /* Sources */ = {
			isa = PBXSourcesBuildPhase;
			buildActionMask = 2147483647;
			files = (
				EC0B05B618EF56910019197A /* BSPCFace.m in Sources */,
				B164A302191D668300EC988F /* BSPCTableViewCell.m in Sources */,
				ECECC4AC18EF4E230025DB21 /* BSPCAppDelegate.m in Sources */,
				ECECC4B218EF4E240025DB21 /* BSPCViewController.m in Sources */,
				EC0B05B918EF5ABB0019197A /* BSPCFaceViewController.m in Sources */,
				ECECC4A818EF4E230025DB21 /* main.m in Sources */,
			);
			runOnlyForDeploymentPostprocessing = 0;
		};
		ECECC4B518EF4E240025DB21 /* Sources */ = {
			isa = PBXSourcesBuildPhase;
			buildActionMask = 2147483647;
			files = (
				ECECC4C718EF4E240025DB21 /* PuppeteerTests.m in Sources */,
			);
			runOnlyForDeploymentPostprocessing = 0;
		};
/* End PBXSourcesBuildPhase section */

/* Begin PBXTargetDependency section */
		ECECC4BF18EF4E240025DB21 /* PBXTargetDependency */ = {
			isa = PBXTargetDependency;
			target = ECECC49718EF4E230025DB21 /* Puppeteer */;
			targetProxy = ECECC4BE18EF4E240025DB21 /* PBXContainerItemProxy */;
		};
/* End PBXTargetDependency section */

/* Begin PBXVariantGroup section */
		ECECC4A418EF4E230025DB21 /* InfoPlist.strings */ = {
			isa = PBXVariantGroup;
			children = (
				ECECC4A518EF4E230025DB21 /* en */,
			);
			name = InfoPlist.strings;
			sourceTree = "<group>";
		};
		ECECC4C318EF4E240025DB21 /* InfoPlist.strings */ = {
			isa = PBXVariantGroup;
			children = (
				ECECC4C418EF4E240025DB21 /* en */,
			);
			name = InfoPlist.strings;
			sourceTree = "<group>";
		};
/* End PBXVariantGroup section */

/* Begin XCBuildConfiguration section */
		ECECC4C818EF4E240025DB21 /* Debug */ = {
			isa = XCBuildConfiguration;
			buildSettings = {
				ALWAYS_SEARCH_USER_PATHS = NO;
				CLANG_CXX_LANGUAGE_STANDARD = "gnu++0x";
				CLANG_CXX_LIBRARY = "libc++";
				CLANG_ENABLE_MODULES = YES;
				CLANG_ENABLE_OBJC_ARC = YES;
				CLANG_WARN_BOOL_CONVERSION = YES;
				CLANG_WARN_CONSTANT_CONVERSION = YES;
				CLANG_WARN_DIRECT_OBJC_ISA_USAGE = YES_ERROR;
				CLANG_WARN_EMPTY_BODY = YES;
				CLANG_WARN_ENUM_CONVERSION = YES;
				CLANG_WARN_INT_CONVERSION = YES;
				CLANG_WARN_OBJC_ROOT_CLASS = YES_ERROR;
				CLANG_WARN__DUPLICATE_METHOD_MATCH = YES;
				"CODE_SIGN_IDENTITY[sdk=iphoneos*]" = "iPhone Developer";
				COPY_PHASE_STRIP = NO;
				GCC_C_LANGUAGE_STANDARD = gnu99;
				GCC_DYNAMIC_NO_PIC = NO;
				GCC_OPTIMIZATION_LEVEL = 0;
				GCC_PREPROCESSOR_DEFINITIONS = (
					"DEBUG=1",
					"$(inherited)",
				);
				GCC_SYMBOLS_PRIVATE_EXTERN = NO;
				GCC_WARN_64_TO_32_BIT_CONVERSION = YES;
				GCC_WARN_ABOUT_RETURN_TYPE = YES_ERROR;
				GCC_WARN_UNDECLARED_SELECTOR = YES;
				GCC_WARN_UNINITIALIZED_AUTOS = YES_AGGRESSIVE;
				GCC_WARN_UNUSED_FUNCTION = YES;
				GCC_WARN_UNUSED_VARIABLE = YES;
				IPHONEOS_DEPLOYMENT_TARGET = 7.1;
				ONLY_ACTIVE_ARCH = YES;
				SDKROOT = iphoneos;
			};
			name = Debug;
		};
		ECECC4C918EF4E240025DB21 /* Release */ = {
			isa = XCBuildConfiguration;
			buildSettings = {
				ALWAYS_SEARCH_USER_PATHS = NO;
				CLANG_CXX_LANGUAGE_STANDARD = "gnu++0x";
				CLANG_CXX_LIBRARY = "libc++";
				CLANG_ENABLE_MODULES = YES;
				CLANG_ENABLE_OBJC_ARC = YES;
				CLANG_WARN_BOOL_CONVERSION = YES;
				CLANG_WARN_CONSTANT_CONVERSION = YES;
				CLANG_WARN_DIRECT_OBJC_ISA_USAGE = YES_ERROR;
				CLANG_WARN_EMPTY_BODY = YES;
				CLANG_WARN_ENUM_CONVERSION = YES;
				CLANG_WARN_INT_CONVERSION = YES;
				CLANG_WARN_OBJC_ROOT_CLASS = YES_ERROR;
				CLANG_WARN__DUPLICATE_METHOD_MATCH = YES;
				"CODE_SIGN_IDENTITY[sdk=iphoneos*]" = "iPhone Developer";
				COPY_PHASE_STRIP = YES;
				ENABLE_NS_ASSERTIONS = NO;
				GCC_C_LANGUAGE_STANDARD = gnu99;
				GCC_WARN_64_TO_32_BIT_CONVERSION = YES;
				GCC_WARN_ABOUT_RETURN_TYPE = YES_ERROR;
				GCC_WARN_UNDECLARED_SELECTOR = YES;
				GCC_WARN_UNINITIALIZED_AUTOS = YES_AGGRESSIVE;
				GCC_WARN_UNUSED_FUNCTION = YES;
				GCC_WARN_UNUSED_VARIABLE = YES;
				IPHONEOS_DEPLOYMENT_TARGET = 7.1;
				SDKROOT = iphoneos;
				VALIDATE_PRODUCT = YES;
			};
			name = Release;
		};
		ECECC4CB18EF4E240025DB21 /* Debug */ = {
			isa = XCBuildConfiguration;
			buildSettings = {
				ASSETCATALOG_COMPILER_APPICON_NAME = AppIcon;
				ASSETCATALOG_COMPILER_LAUNCHIMAGE_NAME = LaunchImage;
				CLANG_ENABLE_MODULES = NO;
				GCC_PRECOMPILE_PREFIX_HEADER = YES;
				GCC_PREFIX_HEADER = "Puppeteer/Puppeteer-Prefix.pch";
				INFOPLIST_FILE = "Puppeteer/Puppeteer-Info.plist";
				PRODUCT_NAME = "$(TARGET_NAME)";
				WRAPPER_EXTENSION = app;
			};
			name = Debug;
		};
		ECECC4CC18EF4E240025DB21 /* Release */ = {
			isa = XCBuildConfiguration;
			buildSettings = {
				ASSETCATALOG_COMPILER_APPICON_NAME = AppIcon;
				ASSETCATALOG_COMPILER_LAUNCHIMAGE_NAME = LaunchImage;
				CLANG_ENABLE_MODULES = NO;
				GCC_PRECOMPILE_PREFIX_HEADER = YES;
				GCC_PREFIX_HEADER = "Puppeteer/Puppeteer-Prefix.pch";
				INFOPLIST_FILE = "Puppeteer/Puppeteer-Info.plist";
				PRODUCT_NAME = "$(TARGET_NAME)";
				WRAPPER_EXTENSION = app;
			};
			name = Release;
		};
		ECECC4CE18EF4E240025DB21 /* Debug */ = {
			isa = XCBuildConfiguration;
			buildSettings = {
				BUNDLE_LOADER = "$(BUILT_PRODUCTS_DIR)/Puppeteer.app/Puppeteer";
				FRAMEWORK_SEARCH_PATHS = (
					"$(SDKROOT)/Developer/Library/Frameworks",
					"$(inherited)",
					"$(DEVELOPER_FRAMEWORKS_DIR)",
				);
				GCC_PRECOMPILE_PREFIX_HEADER = YES;
				GCC_PREFIX_HEADER = "Puppeteer/Puppeteer-Prefix.pch";
				GCC_PREPROCESSOR_DEFINITIONS = (
					"DEBUG=1",
					"$(inherited)",
				);
				INFOPLIST_FILE = "PuppeteerTests/PuppeteerTests-Info.plist";
				PRODUCT_NAME = "$(TARGET_NAME)";
				TEST_HOST = "$(BUNDLE_LOADER)";
				WRAPPER_EXTENSION = xctest;
			};
			name = Debug;
		};
		ECECC4CF18EF4E240025DB21 /* Release */ = {
			isa = XCBuildConfiguration;
			buildSettings = {
				BUNDLE_LOADER = "$(BUILT_PRODUCTS_DIR)/Puppeteer.app/Puppeteer";
				FRAMEWORK_SEARCH_PATHS = (
					"$(SDKROOT)/Developer/Library/Frameworks",
					"$(inherited)",
					"$(DEVELOPER_FRAMEWORKS_DIR)",
				);
				GCC_PRECOMPILE_PREFIX_HEADER = YES;
				GCC_PREFIX_HEADER = "Puppeteer/Puppeteer-Prefix.pch";
				INFOPLIST_FILE = "PuppeteerTests/PuppeteerTests-Info.plist";
				PRODUCT_NAME = "$(TARGET_NAME)";
				TEST_HOST = "$(BUNDLE_LOADER)";
				WRAPPER_EXTENSION = xctest;
			};
			name = Release;
		};
/* End XCBuildConfiguration section */

/* Begin XCConfigurationList section */
		ECECC49318EF4E230025DB21 /* Build configuration list for PBXProject "Puppeteer" */ = {
			isa = XCConfigurationList;
			buildConfigurations = (
				ECECC4C818EF4E240025DB21 /* Debug */,
				ECECC4C918EF4E240025DB21 /* Release */,
			);
			defaultConfigurationIsVisible = 0;
			defaultConfigurationName = Release;
		};
		ECECC4CA18EF4E240025DB21 /* Build configuration list for PBXNativeTarget "Puppeteer" */ = {
			isa = XCConfigurationList;
			buildConfigurations = (
				ECECC4CB18EF4E240025DB21 /* Debug */,
				ECECC4CC18EF4E240025DB21 /* Release */,
			);
			defaultConfigurationIsVisible = 0;
			defaultConfigurationName = Release;
		};
		ECECC4CD18EF4E240025DB21 /* Build configuration list for PBXNativeTarget "PuppeteerTests" */ = {
			isa = XCConfigurationList;
			buildConfigurations = (
				ECECC4CE18EF4E240025DB21 /* Debug */,
				ECECC4CF18EF4E240025DB21 /* Release */,
			);
			defaultConfigurationIsVisible = 0;
			defaultConfigurationName = Release;
		};
/* End XCConfigurationList section */
	};
	rootObject = ECECC49018EF4E230025DB21 /* Project object */;
}
